
Microsoft Visual Studio Solution File, Format Version 12.00
# Visual Studio Version 16
VisualStudioVersion = 16.0.32901.82
MinimumVisualStudioVersion = 10.0.40219.1
Project("{9A19103F-16F7-4668-BE54-9A1E7A4F7556}") = "GYMNASTVR", "GYMNASTVR.csproj", "{13BFA589-C747-4BCD-BBFD-54D52801C741}"
EndProject
Global
	GlobalSection(SolutionConfigurationPlatforms) = preSolution
		Debug|Any CPU = Debug|Any CPU
		Release|Any CPU = Release|Any CPU
	EndGlobalSection
	GlobalSection(ProjectConfigurationPlatforms) = postSolution
		{13BFA589-C747-4BCD-BBFD-54D52801C741}.Debug|Any CPU.ActiveCfg = Debug|Any CPU
		{13BFA589-C747-4BCD-BBFD-54D52801C741}.Debug|Any CPU.Build.0 = Debug|Any CPU
		{13BFA589-C747-4BCD-BBFD-54D52801C741}.Release|Any CPU.ActiveCfg = Release|Any CPU
		{13BFA589-C747-4BCD-BBFD-54D52801C741}.Release|Any CPU.Build.0 = Release|Any CPU
	EndGlobalSection
	GlobalSection(SolutionProperties) = preSolution
		HideSolutionNode = FALSE
	EndGlobalSection
	GlobalSection(ExtensibilityGlobals) = postSolution
		SolutionGuid = {3A8D9CAF-4073-4551-A8AC-FA4186CDC901}
	EndGlobalSection
EndGlobal
